
Microsoft Visual Studio Solution File, Format Version 12.00
# Visual Studio Version 16
VisualStudioVersion = 16.0.29519.87
MinimumVisualStudioVersion = 15.0.26124.0
Project("{2150E333-8FDC-42A3-9474-1A3956D46DE8}") = "src", "src", "{1A7A9AAF-B85E-478B-B79F-3844E186949E}"
EndProject
Project("{9A19103F-16F7-4668-BE54-9A1E7A4F7556}") = "Random.CSharp", "src\Random.CSharp\Random.CSharp.csproj", "{D05A2CF4-AA1B-4D30-BEDD-67FE1DE8D166}"
EndProject
Project("{6EC3EE1D-3C4E-46DD-8F32-0CC8E7565705}") = "Random", "src\Random\Random.fsproj", "{89EA93BB-4B2F-4BB8-ACD6-F9449B9B6AC6}"
EndProject
Project("{2150E333-8FDC-42A3-9474-1A3956D46DE8}") = ".solution", ".solution", "{04252CA2-AB8F-4BF9-B581-B31DDD5268E7}"
	ProjectSection(SolutionItems) = preProject
		.github\workflows\dotnetcore.yml = .github\workflows\dotnetcore.yml
		README.md = README.md
	EndProjectSection
EndProject
Global
	GlobalSection(SolutionConfigurationPlatforms) = preSolution
		Debug|Any CPU = Debug|Any CPU
		Debug|x64 = Debug|x64
		Debug|x86 = Debug|x86
		Release|Any CPU = Release|Any CPU
		Release|x64 = Release|x64
		Release|x86 = Release|x86
	EndGlobalSection
	GlobalSection(ProjectConfigurationPlatforms) = postSolution
		{D05A2CF4-AA1B-4D30-BEDD-67FE1DE8D166}.Debug|Any CPU.ActiveCfg = Debug|Any CPU
		{D05A2CF4-AA1B-4D30-BEDD-67FE1DE8D166}.Debug|Any CPU.Build.0 = Debug|Any CPU
		{D05A2CF4-AA1B-4D30-BEDD-67FE1DE8D166}.Debug|x64.ActiveCfg = Debug|Any CPU
		{D05A2CF4-AA1B-4D30-BEDD-67FE1DE8D166}.Debug|x64.Build.0 = Debug|Any CPU
		{D05A2CF4-AA1B-4D30-BEDD-67FE1DE8D166}.Debug|x86.ActiveCfg = Debug|Any CPU
		{D05A2CF4-AA1B-4D30-BEDD-67FE1DE8D166}.Debug|x86.Build.0 = Debug|Any CPU
		{D05A2CF4-AA1B-4D30-BEDD-67FE1DE8D166}.Release|Any CPU.ActiveCfg = Release|Any CPU
		{D05A2CF4-AA1B-4D30-BEDD-67FE1DE8D166}.Release|Any CPU.Build.0 = Release|Any CPU
		{D05A2CF4-AA1B-4D30-BEDD-67FE1DE8D166}.Release|x64.ActiveCfg = Release|Any CPU
		{D05A2CF4-AA1B-4D30-BEDD-67FE1DE8D166}.Release|x64.Build.0 = Release|Any CPU
		{D05A2CF4-AA1B-4D30-BEDD-67FE1DE8D166}.Release|x86.ActiveCfg = Release|Any CPU
		{D05A2CF4-AA1B-4D30-BEDD-67FE1DE8D166}.Release|x86.Build.0 = Release|Any CPU
		{89EA93BB-4B2F-4BB8-ACD6-F9449B9B6AC6}.Debug|Any CPU.ActiveCfg = Debug|Any CPU
		{89EA93BB-4B2F-4BB8-ACD6-F9449B9B6AC6}.Debug|Any CPU.Build.0 = Debug|Any CPU
		{89EA93BB-4B2F-4BB8-ACD6-F9449B9B6AC6}.Debug|x64.ActiveCfg = Debug|Any CPU
		{89EA93BB-4B2F-4BB8-ACD6-F9449B9B6AC6}.Debug|x64.Build.0 = Debug|Any CPU
		{89EA93BB-4B2F-4BB8-ACD6-F9449B9B6AC6}.Debug|x86.ActiveCfg = Debug|Any CPU
		{89EA93BB-4B2F-4BB8-ACD6-F9449B9B6AC6}.Debug|x86.Build.0 = Debug|Any CPU
		{89EA93BB-4B2F-4BB8-ACD6-F9449B9B6AC6}.Release|Any CPU.ActiveCfg = Release|Any CPU
		{89EA93BB-4B2F-4BB8-ACD6-F9449B9B6AC6}.Release|Any CPU.Build.0 = Release|Any CPU
		{89EA93BB-4B2F-4BB8-ACD6-F9449B9B6AC6}.Release|x64.ActiveCfg = Release|Any CPU
		{89EA93BB-4B2F-4BB8-ACD6-F9449B9B6AC6}.Release|x64.Build.0 = Release|Any CPU
		{89EA93BB-4B2F-4BB8-ACD6-F9449B9B6AC6}.Release|x86.ActiveCfg = Release|Any CPU
		{89EA93BB-4B2F-4BB8-ACD6-F9449B9B6AC6}.Release|x86.Build.0 = Release|Any CPU
	EndGlobalSection
	GlobalSection(SolutionProperties) = preSolution
		HideSolutionNode = FALSE
	EndGlobalSection
	GlobalSection(NestedProjects) = preSolution
		{D05A2CF4-AA1B-4D30-BEDD-67FE1DE8D166} = {1A7A9AAF-B85E-478B-B79F-3844E186949E}
		{89EA93BB-4B2F-4BB8-ACD6-F9449B9B6AC6} = {1A7A9AAF-B85E-478B-B79F-3844E186949E}
	EndGlobalSection
	GlobalSection(ExtensibilityGlobals) = postSolution
		SolutionGuid = {E155CF95-96CD-4FB0-BFDA-56F9957D61DF}
	EndGlobalSection
EndGlobal
